
Microsoft Visual Studio Solution File, Format Version 12.00
# Visual Studio Version 17
VisualStudioVersion = 17.11.35222.181
MinimumVisualStudioVersion = 10.0.40219.1
Project("{FAE04EC0-301F-11D3-BF4B-00C04F79EFBC}") = "Localizacion", "Localizacion\Localizacion.csproj", "{EAC3B5ED-2968-479A-B9A4-CBB2072F5EC9}"
EndProject
Global
	GlobalSection(SolutionConfigurationPlatforms) = preSolution
		Debug|Any CPU = Debug|Any CPU
		Release|Any CPU = Release|Any CPU
	EndGlobalSection
	GlobalSection(ProjectConfigurationPlatforms) = postSolution
		{EAC3B5ED-2968-479A-B9A4-CBB2072F5EC9}.Debug|Any CPU.ActiveCfg = Debug|Any CPU
		{EAC3B5ED-2968-479A-B9A4-CBB2072F5EC9}.Debug|Any CPU.Build.0 = Debug|Any CPU
		{EAC3B5ED-2968-479A-B9A4-CBB2072F5EC9}.Release|Any CPU.ActiveCfg = Release|Any CPU
		{EAC3B5ED-2968-479A-B9A4-CBB2072F5EC9}.Release|Any CPU.Build.0 = Release|Any CPU
	EndGlobalSection
	GlobalSection(SolutionProperties) = preSolution
		HideSolutionNode = FALSE
	EndGlobalSection
	GlobalSection(ExtensibilityGlobals) = postSolution
		SolutionGuid = {00ED3371-763C-478E-BB67-EC58BAC2EE54}
	EndGlobalSection
EndGlobal
